// !$*UTF8*$!
{
	archiveVersion = 1;
	classes = {
	};
	objectVersion = 56;
	objects = {

/* Begin PBXBuildFile section */
		F50767392A8EE75E00E9605F /* WrappingHStack in Frameworks */ = {isa = PBXBuildFile; productRef = F50767382A8EE75E00E9605F /* WrappingHStack */; };
		F50767582A914ADA00E9605F /* StaticPolylineMap.swift in Sources */ = {isa = PBXBuildFile; fileRef = F50767572A914ADA00E9605F /* StaticPolylineMap.swift */; };
		F507675A2A92F6CD00E9605F /* OnboardingView.swift in Sources */ = {isa = PBXBuildFile; fileRef = F50767592A92F6CD00E9605F /* OnboardingView.swift */; };
		F517F2F4286FC1D9000E07AF /* Preview.swift in Sources */ = {isa = PBXBuildFile; fileRef = F517F2F3286FC1D9000E07AF /* Preview.swift */; };
		F517F2F6286FD3F0000E07AF /* RecentTrips.swift in Sources */ = {isa = PBXBuildFile; fileRef = F517F2F5286FD3F0000E07AF /* RecentTrips.swift */; };
		F517F2F8286FEB1C000E07AF /* RouteView.swift in Sources */ = {isa = PBXBuildFile; fileRef = F517F2F7286FEB1C000E07AF /* RouteView.swift */; };
		F517F2FA286FF59E000E07AF /* TabBar.swift in Sources */ = {isa = PBXBuildFile; fileRef = F517F2F9286FF59E000E07AF /* TabBar.swift */; };
		F51D3B5528AB338E00C6B116 /* RouteManager.swift in Sources */ = {isa = PBXBuildFile; fileRef = F51D3B5428AB338E00C6B116 /* RouteManager.swift */; };
		F52C30D2286FB95C0026FAEE /* Metrics.swift in Sources */ = {isa = PBXBuildFile; fileRef = F52C30D1286FB95C0026FAEE /* Metrics.swift */; };
		F52C30D5286FBE2A0026FAEE /* SummaryStats.swift in Sources */ = {isa = PBXBuildFile; fileRef = F52C30D4286FBE2A0026FAEE /* SummaryStats.swift */; };
		F52EC445286FA42800420410 /* gilroyextrabold.otf in Resources */ = {isa = PBXBuildFile; fileRef = F52EC444286FA42800420410 /* gilroyextrabold.otf */; };
		F5FACE0112345678ABCDEF01 /* PrivacyInfo.xcprivacy in Resources */ = {isa = PBXBuildFile; fileRef = F5FACE0012345678ABCDEF01 /* PrivacyInfo.xcprivacy */; };
		F53341222870E8B700E7E5C1 /* ContentView.swift in Sources */ = {isa = PBXBuildFile; fileRef = F53341212870E8B700E7E5C1 /* ContentView.swift */; };
		F53341242870E9CA00E7E5C1 /* Tab.swift in Sources */ = {isa = PBXBuildFile; fileRef = F53341232870E9CA00E7E5C1 /* Tab.swift */; };
		F53ADA4F296DFF330079F91D /* CHCSVParser.m in Sources */ = {isa = PBXBuildFile; fileRef = F53ADA4D296DFF330079F91D /* CHCSVParser.m */; };
		F53AEE582966237A0026EEA9 /* ExportWindow.swift in Sources */ = {isa = PBXBuildFile; fileRef = F53AEE572966237A0026EEA9 /* ExportWindow.swift */; };
		F543E0FD29859FF7007FC5CE /* NotificationManager.swift in Sources */ = {isa = PBXBuildFile; fileRef = F543E0FC29859FF7007FC5CE /* NotificationManager.swift */; };
		F554A80D28AA62CB00E4F8D6 /* TrackingState.swift in Sources */ = {isa = PBXBuildFile; fileRef = F554A80C28AA62CB00E4F8D6 /* TrackingState.swift */; };
		F558FFD928EA5B8500FA00B0 /* Location+CoreDataClass.swift in Sources */ = {isa = PBXBuildFile; fileRef = F558FFD528EA5B8500FA00B0 /* Location+CoreDataClass.swift */; };
		F558FFDA28EA5B8500FA00B0 /* Location+CoreDataProperties.swift in Sources */ = {isa = PBXBuildFile; fileRef = F558FFD628EA5B8500FA00B0 /* Location+CoreDataProperties.swift */; };
		F55FA73A28C8E513000C0740 /* TripBrowserView.swift in Sources */ = {isa = PBXBuildFile; fileRef = F55FA73928C8E513000C0740 /* TripBrowserView.swift */; };
		F56024ED286FA6C90002403D /* NavigationBar.swift in Sources */ = {isa = PBXBuildFile; fileRef = F56024EC286FA6C90002403D /* NavigationBar.swift */; };
		F56024EF286FAB450002403D /* PreferenceKeys.swift in Sources */ = {isa = PBXBuildFile; fileRef = F56024EE286FAB450002403D /* PreferenceKeys.swift */; };
		F56024F4286FAC2E0002403D /* Styles.swift in Sources */ = {isa = PBXBuildFile; fileRef = F56024F3286FABD80002403D /* Styles.swift */; };
		F56024F5286FAC300002403D /* AnimatableFontModifier.swift in Sources */ = {isa = PBXBuildFile; fileRef = F56024F2286FABD80002403D /* AnimatableFontModifier.swift */; };
		F56426CC2856B9B4005FD118 /* TripiApp.swift in Sources */ = {isa = PBXBuildFile; fileRef = F56426CB2856B9B4005FD118 /* TripiApp.swift */; };
		F56426CE2856B9B4005FD118 /* HomeView.swift in Sources */ = {isa = PBXBuildFile; fileRef = F56426CD2856B9B4005FD118 /* HomeView.swift */; };
		F56426D02856B9B6005FD118 /* Assets.xcassets in Resources */ = {isa = PBXBuildFile; fileRef = F56426CF2856B9B6005FD118 /* Assets.xcassets */; };
		F56426D32856B9B6005FD118 /* Preview Assets.xcassets in Resources */ = {isa = PBXBuildFile; fileRef = F56426D22856B9B6005FD118 /* Preview Assets.xcassets */; };
		F56426D52856B9B6005FD118 /* Persistence.swift in Sources */ = {isa = PBXBuildFile; fileRef = F56426D42856B9B6005FD118 /* Persistence.swift */; };
		F56426D82856B9B6005FD118 /* LocationTracker.xcdatamodeld in Sources */ = {isa = PBXBuildFile; fileRef = F56426D62856B9B6005FD118 /* LocationTracker.xcdatamodeld */; };
		F56426E22856B9B6005FD118 /* TripiTests.swift in Sources */ = {isa = PBXBuildFile; fileRef = F56426E12856B9B6005FD118 /* TripiTests.swift */; };
		F56426EC2856B9B6005FD118 /* TripiUITests.swift in Sources */ = {isa = PBXBuildFile; fileRef = F56426EB2856B9B6005FD118 /* TripiUITests.swift */; };
		F56426EE2856B9B6005FD118 /* TripiUITestsLaunchTests.swift in Sources */ = {isa = PBXBuildFile; fileRef = F56426ED2856B9B6005FD118 /* TripiUITestsLaunchTests.swift */; };
		F579F5302995CAF000EE03FF /* Graphs.swift in Sources */ = {isa = PBXBuildFile; fileRef = F579F52F2995CAF000EE03FF /* Graphs.swift */; };
		F57A3F7D2926C15000315971 /* LayoutStyle.swift in Sources */ = {isa = PBXBuildFile; fileRef = F57A3F7C2926C15000315971 /* LayoutStyle.swift */; };
		F59870E728BFD70B00F9CC89 /* TripDetailView.swift in Sources */ = {isa = PBXBuildFile; fileRef = F59870E628BFD70B00F9CC89 /* TripDetailView.swift */; };
		F5A12D5029711B2A0055E239 /* BackButton.swift in Sources */ = {isa = PBXBuildFile; fileRef = F5A12D4F29711B2A0055E239 /* BackButton.swift */; };
		F5A7E41429B4809D00B36ACF /* Model.swift in Sources */ = {isa = PBXBuildFile; fileRef = F5A7E41329B4809D00B36ACF /* Model.swift */; };
		F5A86BD2292F1389004CF3EA /* FileManager.swift in Sources */ = {isa = PBXBuildFile; fileRef = F5A86BD1292F1389004CF3EA /* FileManager.swift */; };
		F5B14FC5298EEBDC004C61BA /* UnitFormatter.swift in Sources */ = {isa = PBXBuildFile; fileRef = F5B14FC4298EEBDC004C61BA /* UnitFormatter.swift */; };
		F5BCB34128C65A820063082E /* SettingsView.swift in Sources */ = {isa = PBXBuildFile; fileRef = F5BCB34028C65A820063082E /* SettingsView.swift */; };
		F5BE3A69297346D50030B662 /* TagSort.swift in Sources */ = {isa = PBXBuildFile; fileRef = F5BE3A68297346D50030B662 /* TagSort.swift */; };
		F5D674EC28BD0A430053B6A7 /* PolylineMap.swift in Sources */ = {isa = PBXBuildFile; fileRef = F5D674EB28BD0A430053B6A7 /* PolylineMap.swift */; };
		F5EC7C7B2925EF6E00DAB7EE /* Tag.swift in Sources */ = {isa = PBXBuildFile; fileRef = F5EC7C7A2925EF6E00DAB7EE /* Tag.swift */; };
		F5FF5F88298B5EF4009FF3EB /* UserTag+CoreDataClass.swift in Sources */ = {isa = PBXBuildFile; fileRef = F5FF5F86298B5EF4009FF3EB /* UserTag+CoreDataClass.swift */; };
		F5FF5F89298B5EF4009FF3EB /* UserTag+CoreDataProperties.swift in Sources */ = {isa = PBXBuildFile; fileRef = F5FF5F87298B5EF4009FF3EB /* UserTag+CoreDataProperties.swift */; };
		F5FF5F8C298B8704009FF3EB /* Trip+CoreDataClass.swift in Sources */ = {isa = PBXBuildFile; fileRef = F5FF5F8A298B8704009FF3EB /* Trip+CoreDataClass.swift */; };
		F5FF5F8D298B8704009FF3EB /* Trip+CoreDataProperties.swift in Sources */ = {isa = PBXBuildFile; fileRef = F5FF5F8B298B8704009FF3EB /* Trip+CoreDataProperties.swift */; };
/* End PBXBuildFile section */

/* Begin PBXContainerItemProxy section */
		F56426DE2856B9B6005FD118 /* PBXContainerItemProxy */ = {
			isa = PBXContainerItemProxy;
			containerPortal = F56426C02856B9B4005FD118 /* Project object */;
			proxyType = 1;
			remoteGlobalIDString = F56426C72856B9B4005FD118;
			remoteInfo = Tripi;
		};
		F56426E82856B9B6005FD118 /* PBXContainerItemProxy */ = {
			isa = PBXContainerItemProxy;
			containerPortal = F56426C02856B9B4005FD118 /* Project object */;
			proxyType = 1;
			remoteGlobalIDString = F56426C72856B9B4005FD118;
			remoteInfo = Tripi;
		};
/* End PBXContainerItemProxy section */

/* Begin PBXFileReference section */
		F50767572A914ADA00E9605F /* StaticPolylineMap.swift */ = {isa = PBXFileReference; lastKnownFileType = sourcecode.swift; path = StaticPolylineMap.swift; sourceTree = "<group>"; };
		F50767592A92F6CD00E9605F /* OnboardingView.swift */ = {isa = PBXFileReference; lastKnownFileType = sourcecode.swift; path = OnboardingView.swift; sourceTree = "<group>"; };
		F517F2F3286FC1D9000E07AF /* Preview.swift */ = {isa = PBXFileReference; lastKnownFileType = sourcecode.swift; path = Preview.swift; sourceTree = "<group>"; };
		F517F2F5286FD3F0000E07AF /* RecentTrips.swift */ = {isa = PBXFileReference; lastKnownFileType = sourcecode.swift; path = RecentTrips.swift; sourceTree = "<group>"; };
		F517F2F7286FEB1C000E07AF /* RouteView.swift */ = {isa = PBXFileReference; lastKnownFileType = sourcecode.swift; path = RouteView.swift; sourceTree = "<group>"; };
		F517F2F9286FF59E000E07AF /* TabBar.swift */ = {isa = PBXFileReference; lastKnownFileType = sourcecode.swift; path = TabBar.swift; sourceTree = "<group>"; };
		F51D3B5428AB338E00C6B116 /* RouteManager.swift */ = {isa = PBXFileReference; lastKnownFileType = sourcecode.swift; path = RouteManager.swift; sourceTree = "<group>"; };
		F52C30D1286FB95C0026FAEE /* Metrics.swift */ = {isa = PBXFileReference; lastKnownFileType = sourcecode.swift; path = Metrics.swift; sourceTree = "<group>"; };
		F52C30D4286FBE2A0026FAEE /* SummaryStats.swift */ = {isa = PBXFileReference; lastKnownFileType = sourcecode.swift; path = SummaryStats.swift; sourceTree = "<group>"; };
		F52EC444286FA42800420410 /* gilroyextrabold.otf */ = {isa = PBXFileReference; lastKnownFileType = file; path = gilroyextrabold.otf; sourceTree = "<group>"; };
		F53341212870E8B700E7E5C1 /* ContentView.swift */ = {isa = PBXFileReference; lastKnownFileType = sourcecode.swift; path = ContentView.swift; sourceTree = "<group>"; };
		F53341232870E9CA00E7E5C1 /* Tab.swift */ = {isa = PBXFileReference; lastKnownFileType = sourcecode.swift; path = Tab.swift; sourceTree = "<group>"; };
		F53ADA4C296DFF320079F91D /* Tripi-Bridging-Header.h */ = {isa = PBXFileReference; lastKnownFileType = sourcecode.c.h; path = "Tripi-Bridging-Header.h"; sourceTree = "<group>"; };
		F53ADA4D296DFF330079F91D /* CHCSVParser.m */ = {isa = PBXFileReference; fileEncoding = 4; lastKnownFileType = sourcecode.c.objc; path = CHCSVParser.m; sourceTree = "<group>"; };
		F53ADA4E296DFF330079F91D /* CHCSVParser.h */ = {isa = PBXFileReference; fileEncoding = 4; lastKnownFileType = sourcecode.c.h; path = CHCSVParser.h; sourceTree = "<group>"; };
		F53AEE572966237A0026EEA9 /* ExportWindow.swift */ = {isa = PBXFileReference; lastKnownFileType = sourcecode.swift; path = ExportWindow.swift; sourceTree = "<group>"; };
		F543E0FC29859FF7007FC5CE /* NotificationManager.swift */ = {isa = PBXFileReference; lastKnownFileType = sourcecode.swift; path = NotificationManager.swift; sourceTree = "<group>"; };
		F554A80C28AA62CB00E4F8D6 /* TrackingState.swift */ = {isa = PBXFileReference; lastKnownFileType = sourcecode.swift; path = TrackingState.swift; sourceTree = "<group>"; };
		F558FFD528EA5B8500FA00B0 /* Location+CoreDataClass.swift */ = {isa = PBXFileReference; lastKnownFileType = sourcecode.swift; name = "Location+CoreDataClass.swift"; path = "Tripi/Model/Location+CoreDataClass.swift"; sourceTree = "<group>"; };
		F558FFD628EA5B8500FA00B0 /* Location+CoreDataProperties.swift */ = {isa = PBXFileReference; lastKnownFileType = sourcecode.swift; name = "Location+CoreDataProperties.swift"; path = "Tripi/Model/Location+CoreDataProperties.swift"; sourceTree = "<group>"; };
		F55FA73928C8E513000C0740 /* TripBrowserView.swift */ = {isa = PBXFileReference; lastKnownFileType = sourcecode.swift; path = TripBrowserView.swift; sourceTree = "<group>"; };
		F56024EB286FA4A40002403D /* Info.plist */ = {isa = PBXFileReference; lastKnownFileType = text.plist; path = Info.plist; sourceTree = "<group>"; };
		F5FACE0012345678ABCDEF01 /* PrivacyInfo.xcprivacy */ = {isa = PBXFileReference; lastKnownFileType = text.xml; path = PrivacyInfo.xcprivacy; sourceTree = "<group>"; };
		F56024EC286FA6C90002403D /* NavigationBar.swift */ = {isa = PBXFileReference; lastKnownFileType = sourcecode.swift; path = NavigationBar.swift; sourceTree = "<group>"; };
		F56024EE286FAB450002403D /* PreferenceKeys.swift */ = {isa = PBXFileReference; lastKnownFileType = sourcecode.swift; path = PreferenceKeys.swift; sourceTree = "<group>"; };
		F56024F2286FABD80002403D /* AnimatableFontModifier.swift */ = {isa = PBXFileReference; lastKnownFileType = sourcecode.swift; path = AnimatableFontModifier.swift; sourceTree = "<group>"; };
		F56024F3286FABD80002403D /* Styles.swift */ = {isa = PBXFileReference; lastKnownFileType = sourcecode.swift; path = Styles.swift; sourceTree = "<group>"; };
		F56426C82856B9B4005FD118 /* Tripi.app */ = {isa = PBXFileReference; explicitFileType = wrapper.application; includeInIndex = 0; path = Tripi.app; sourceTree = BUILT_PRODUCTS_DIR; };
		F56426CB2856B9B4005FD118 /* TripiApp.swift */ = {isa = PBXFileReference; lastKnownFileType = sourcecode.swift; path = TripiApp.swift; sourceTree = "<group>"; };
		F56426CD2856B9B4005FD118 /* HomeView.swift */ = {isa = PBXFileReference; lastKnownFileType = sourcecode.swift; path = HomeView.swift; sourceTree = "<group>"; };
		F56426CF2856B9B6005FD118 /* Assets.xcassets */ = {isa = PBXFileReference; lastKnownFileType = folder.assetcatalog; path = Assets.xcassets; sourceTree = "<group>"; };
		F56426D22856B9B6005FD118 /* Preview Assets.xcassets */ = {isa = PBXFileReference; lastKnownFileType = folder.assetcatalog; path = "Preview Assets.xcassets"; sourceTree = "<group>"; };
		F56426D42856B9B6005FD118 /* Persistence.swift */ = {isa = PBXFileReference; lastKnownFileType = sourcecode.swift; path = Persistence.swift; sourceTree = "<group>"; };
		F56426D72856B9B6005FD118 /* Tripi.xcdatamodel */ = {isa = PBXFileReference; lastKnownFileType = wrapper.xcdatamodel; path = Tripi.xcdatamodel; sourceTree = "<group>"; };
		F56426DD2856B9B6005FD118 /* TripiTests.xctest */ = {isa = PBXFileReference; explicitFileType = wrapper.cfbundle; includeInIndex = 0; path = TripiTests.xctest; sourceTree = BUILT_PRODUCTS_DIR; };
		F56426E12856B9B6005FD118 /* TripiTests.swift */ = {isa = PBXFileReference; lastKnownFileType = sourcecode.swift; path = TripiTests.swift; sourceTree = "<group>"; };
		F56426E72856B9B6005FD118 /* TripiUITests.xctest */ = {isa = PBXFileReference; explicitFileType = wrapper.cfbundle; includeInIndex = 0; path = TripiUITests.xctest; sourceTree = BUILT_PRODUCTS_DIR; };
		F56426EB2856B9B6005FD118 /* TripiUITests.swift */ = {isa = PBXFileReference; lastKnownFileType = sourcecode.swift; path = TripiUITests.swift; sourceTree = "<group>"; };
		F56426ED2856B9B6005FD118 /* TripiUITestsLaunchTests.swift */ = {isa = PBXFileReference; lastKnownFileType = sourcecode.swift; path = TripiUITestsLaunchTests.swift; sourceTree = "<group>"; };
		F579F52F2995CAF000EE03FF /* Graphs.swift */ = {isa = PBXFileReference; lastKnownFileType = sourcecode.swift; path = Graphs.swift; sourceTree = "<group>"; };
		F57A3F7C2926C15000315971 /* LayoutStyle.swift */ = {isa = PBXFileReference; lastKnownFileType = sourcecode.swift; path = LayoutStyle.swift; sourceTree = "<group>"; };
		F59870E628BFD70B00F9CC89 /* TripDetailView.swift */ = {isa = PBXFileReference; lastKnownFileType = sourcecode.swift; path = TripDetailView.swift; sourceTree = "<group>"; };
		F5A12D4F29711B2A0055E239 /* BackButton.swift */ = {isa = PBXFileReference; lastKnownFileType = sourcecode.swift; path = BackButton.swift; sourceTree = "<group>"; };
		F5A7E41329B4809D00B36ACF /* Model.swift */ = {isa = PBXFileReference; lastKnownFileType = sourcecode.swift; path = Model.swift; sourceTree = "<group>"; };
		F5A86BD1292F1389004CF3EA /* FileManager.swift */ = {isa = PBXFileReference; lastKnownFileType = sourcecode.swift; path = FileManager.swift; sourceTree = "<group>"; };
		F5B14FC4298EEBDC004C61BA /* UnitFormatter.swift */ = {isa = PBXFileReference; lastKnownFileType = sourcecode.swift; path = UnitFormatter.swift; sourceTree = "<group>"; };
		F5BCB34028C65A820063082E /* SettingsView.swift */ = {isa = PBXFileReference; lastKnownFileType = sourcecode.swift; path = SettingsView.swift; sourceTree = "<group>"; };
		F5BE3A68297346D50030B662 /* TagSort.swift */ = {isa = PBXFileReference; lastKnownFileType = sourcecode.swift; path = TagSort.swift; sourceTree = "<group>"; };
		F5D674EB28BD0A430053B6A7 /* PolylineMap.swift */ = {isa = PBXFileReference; lastKnownFileType = sourcecode.swift; path = PolylineMap.swift; sourceTree = "<group>"; };
		F5EC7C7A2925EF6E00DAB7EE /* Tag.swift */ = {isa = PBXFileReference; lastKnownFileType = sourcecode.swift; path = Tag.swift; sourceTree = "<group>"; };
		F5FF5F86298B5EF4009FF3EB /* UserTag+CoreDataClass.swift */ = {isa = PBXFileReference; lastKnownFileType = sourcecode.swift; path = "UserTag+CoreDataClass.swift"; sourceTree = "<group>"; };
		F5FF5F87298B5EF4009FF3EB /* UserTag+CoreDataProperties.swift */ = {isa = PBXFileReference; lastKnownFileType = sourcecode.swift; path = "UserTag+CoreDataProperties.swift"; sourceTree = "<group>"; };
		F5FF5F8A298B8704009FF3EB /* Trip+CoreDataClass.swift */ = {isa = PBXFileReference; lastKnownFileType = sourcecode.swift; path = "Trip+CoreDataClass.swift"; sourceTree = "<group>"; };
		F5FF5F8B298B8704009FF3EB /* Trip+CoreDataProperties.swift */ = {isa = PBXFileReference; lastKnownFileType = sourcecode.swift; path = "Trip+CoreDataProperties.swift"; sourceTree = "<group>"; };
/* End PBXFileReference section */

/* Begin PBXFrameworksBuildPhase section */
		F56426C52856B9B4005FD118 /* Frameworks */ = {
			isa = PBXFrameworksBuildPhase;
			buildActionMask = 2147483647;
			files = (
				F50767392A8EE75E00E9605F /* WrappingHStack in Frameworks */,
			);
			runOnlyForDeploymentPostprocessing = 0;
		};
		F56426DA2856B9B6005FD118 /* Frameworks */ = {
			isa = PBXFrameworksBuildPhase;
			buildActionMask = 2147483647;
			files = (
			);
			runOnlyForDeploymentPostprocessing = 0;
		};
		F56426E42856B9B6005FD118 /* Frameworks */ = {
			isa = PBXFrameworksBuildPhase;
			buildActionMask = 2147483647;
			files = (
			);
			runOnlyForDeploymentPostprocessing = 0;
		};
/* End PBXFrameworksBuildPhase section */

/* Begin PBXGroup section */
		F52C30CE286FB9010026FAEE /* Navigation */ = {
			isa = PBXGroup;
			children = (
				F53341212870E8B700E7E5C1 /* ContentView.swift */,
				F56024EC286FA6C90002403D /* NavigationBar.swift */,
				F517F2F9286FF59E000E07AF /* TabBar.swift */,
			);
			path = Navigation;
			sourceTree = "<group>";
		};
		F52C30CF286FB9090026FAEE /* Views */ = {
			isa = PBXGroup;
			children = (
				F56426CD2856B9B4005FD118 /* HomeView.swift */,
				F50767592A92F6CD00E9605F /* OnboardingView.swift */,
				F55FA73928C8E513000C0740 /* TripBrowserView.swift */,
				F517F2F7286FEB1C000E07AF /* RouteView.swift */,
				F59870E628BFD70B00F9CC89 /* TripDetailView.swift */,
				F5BCB34028C65A820063082E /* SettingsView.swift */,
				F53AEE572966237A0026EEA9 /* ExportWindow.swift */,
			);
			path = Views;
			sourceTree = "<group>";
		};
		F52C30D0286FB9160026FAEE /* Components */ = {
			isa = PBXGroup;
			children = (
				F52C30D1286FB95C0026FAEE /* Metrics.swift */,
				F5EC7C7A2925EF6E00DAB7EE /* Tag.swift */,
				F517F2F3286FC1D9000E07AF /* Preview.swift */,
				F50767572A914ADA00E9605F /* StaticPolylineMap.swift */,
				F5D674EB28BD0A430053B6A7 /* PolylineMap.swift */,
				F5A12D4F29711B2A0055E239 /* BackButton.swift */,
			);
			path = Components;
			sourceTree = "<group>";
		};
		F52C30D3286FBE0E0026FAEE /* Modules */ = {
			isa = PBXGroup;
			children = (
				F52C30D4286FBE2A0026FAEE /* SummaryStats.swift */,
				F579F52F2995CAF000EE03FF /* Graphs.swift */,
				F517F2F5286FD3F0000E07AF /* RecentTrips.swift */,
				F5BE3A68297346D50030B662 /* TagSort.swift */,
			);
			path = Modules;
			sourceTree = "<group>";
		};
		F5334127287107CA00E7E5C1 /* Managers */ = {
			isa = PBXGroup;
			children = (
				F5B14FC4298EEBDC004C61BA /* UnitFormatter.swift */,
				F51D3B5428AB338E00C6B116 /* RouteManager.swift */,
				F543E0FC29859FF7007FC5CE /* NotificationManager.swift */,
				F5A86BD1292F1389004CF3EA /* FileManager.swift */,
			);
			path = Managers;
			sourceTree = "<group>";
		};
		F53ADA4B296DFEE40079F91D /* CSVParser */ = {
			isa = PBXGroup;
			children = (
				F53ADA4E296DFF330079F91D /* CHCSVParser.h */,
				F53ADA4D296DFF330079F91D /* CHCSVParser.m */,
				F53ADA4C296DFF320079F91D /* Tripi-Bridging-Header.h */,
			);
			path = CSVParser;
			sourceTree = "<group>";
		};
		F56024EA286FA46B0002403D /* Fonts */ = {
			isa = PBXGroup;
			children = (
				F52EC444286FA42800420410 /* gilroyextrabold.otf */,
			);
			path = Fonts;
			sourceTree = "<group>";
		};
		F56024F0286FABAE0002403D /* Model */ = {
			isa = PBXGroup;
			children = (
				F5A7E41329B4809D00B36ACF /* Model.swift */,
				F53341232870E9CA00E7E5C1 /* Tab.swift */,
				F56024EE286FAB450002403D /* PreferenceKeys.swift */,
				F554A80C28AA62CB00E4F8D6 /* TrackingState.swift */,
				F57A3F7C2926C15000315971 /* LayoutStyle.swift */,
			);
			path = Model;
			sourceTree = "<group>";
		};
		F56024F1286FABBD0002403D /* Styles */ = {
			isa = PBXGroup;
			children = (
				F56024F2286FABD80002403D /* AnimatableFontModifier.swift */,
				F56024F3286FABD80002403D /* Styles.swift */,
			);
			path = Styles;
			sourceTree = "<group>";
		};
		F56426BF2856B9B4005FD118 = {
			isa = PBXGroup;
			children = (
				F5FF5F8A298B8704009FF3EB /* Trip+CoreDataClass.swift */,
				F5FF5F8B298B8704009FF3EB /* Trip+CoreDataProperties.swift */,
				F5FF5F86298B5EF4009FF3EB /* UserTag+CoreDataClass.swift */,
				F5FF5F87298B5EF4009FF3EB /* UserTag+CoreDataProperties.swift */,
				F558FFD528EA5B8500FA00B0 /* Location+CoreDataClass.swift */,
				F558FFD628EA5B8500FA00B0 /* Location+CoreDataProperties.swift */,
				F56426CA2856B9B4005FD118 /* Tripi */,
				F56426E02856B9B6005FD118 /* TripiTests */,
				F56426EA2856B9B6005FD118 /* TripiUITests */,
				F56426C92856B9B4005FD118 /* Products */,
			);
			sourceTree = "<group>";
		};
		F56426C92856B9B4005FD118 /* Products */ = {
			isa = PBXGroup;
			children = (
				F56426C82856B9B4005FD118 /* Tripi.app */,
				F56426DD2856B9B6005FD118 /* TripiTests.xctest */,
				F56426E72856B9B6005FD118 /* TripiUITests.xctest */,
			);
			name = Products;
			sourceTree = "<group>";
		};
		F56426CA2856B9B4005FD118 /* Tripi */ = {
			isa = PBXGroup;
			children = (
				F56024EB286FA4A40002403D /* Info.plist */,
				F5FACE0012345678ABCDEF01 /* PrivacyInfo.xcprivacy */,
				F56426CB2856B9B4005FD118 /* TripiApp.swift */,
				F52C30CE286FB9010026FAEE /* Navigation */,
				F52C30CF286FB9090026FAEE /* Views */,
				F52C30D3286FBE0E0026FAEE /* Modules */,
				F52C30D0286FB9160026FAEE /* Components */,
				F56024F0286FABAE0002403D /* Model */,
				F56024F1286FABBD0002403D /* Styles */,
				F5334127287107CA00E7E5C1 /* Managers */,
				F53ADA4B296DFEE40079F91D /* CSVParser */,
				F56024EA286FA46B0002403D /* Fonts */,
				F56426CF2856B9B6005FD118 /* Assets.xcassets */,
				F56426D42856B9B6005FD118 /* Persistence.swift */,
				F56426D62856B9B6005FD118 /* LocationTracker.xcdatamodeld */,
				F56426D12856B9B6005FD118 /* Preview Content */,
			);
			path = Tripi;
			sourceTree = "<group>";
		};
		F56426D12856B9B6005FD118 /* Preview Content */ = {
			isa = PBXGroup;
			children = (
				F56426D22856B9B6005FD118 /* Preview Assets.xcassets */,
			);
			path = "Preview Content";
			sourceTree = "<group>";
		};
		F56426E02856B9B6005FD118 /* TripiTests */ = {
			isa = PBXGroup;
			children = (
				F56426E12856B9B6005FD118 /* TripiTests.swift */,
			);
			path = TripiTests;
			sourceTree = "<group>";
		};
		F56426EA2856B9B6005FD118 /* TripiUITests */ = {
			isa = PBXGroup;
			children = (
				F56426EB2856B9B6005FD118 /* TripiUITests.swift */,
				F56426ED2856B9B6005FD118 /* TripiUITestsLaunchTests.swift */,
			);
			path = TripiUITests;
			sourceTree = "<group>";
		};
/* End PBXGroup section */

/* Begin PBXNativeTarget section */
		F56426C72856B9B4005FD118 /* Tripi */ = {
			isa = PBXNativeTarget;
			buildConfigurationList = F56426F12856B9B6005FD118 /* Build configuration list for PBXNativeTarget "Tripi" */;
			buildPhases = (
				F56426C42856B9B4005FD118 /* Sources */,
				F56426C52856B9B4005FD118 /* Frameworks */,
				F56426C62856B9B4005FD118 /* Resources */,
			);
			buildRules = (
			);
			dependencies = (
			);
			name = Tripi;
			packageProductDependencies = (
				F50767382A8EE75E00E9605F /* WrappingHStack */,
			);
			productName = Tripi;
			productReference = F56426C82856B9B4005FD118 /* Tripi.app */;
			productType = "com.apple.product-type.application";
		};
		F56426DC2856B9B6005FD118 /* TripiTests */ = {
			isa = PBXNativeTarget;
			buildConfigurationList = F56426F42856B9B6005FD118 /* Build configuration list for PBXNativeTarget "TripiTests" */;
			buildPhases = (
				F56426D92856B9B6005FD118 /* Sources */,
				F56426DA2856B9B6005FD118 /* Frameworks */,
				F56426DB2856B9B6005FD118 /* Resources */,
			);
			buildRules = (
			);
			dependencies = (
				F56426DF2856B9B6005FD118 /* PBXTargetDependency */,
			);
			name = TripiTests;
			productName = TripiTests;
			productReference = F56426DD2856B9B6005FD118 /* TripiTests.xctest */;
			productType = "com.apple.product-type.bundle.unit-test";
		};
		F56426E62856B9B6005FD118 /* TripiUITests */ = {
			isa = PBXNativeTarget;
			buildConfigurationList = F56426F72856B9B6005FD118 /* Build configuration list for PBXNativeTarget "TripiUITests" */;
			buildPhases = (
				F56426E32856B9B6005FD118 /* Sources */,
				F56426E42856B9B6005FD118 /* Frameworks */,
				F56426E52856B9B6005FD118 /* Resources */,
			);
			buildRules = (
			);
			dependencies = (
				F56426E92856B9B6005FD118 /* PBXTargetDependency */,
			);
			name = TripiUITests;
			productName = TripiUITests;
			productReference = F56426E72856B9B6005FD118 /* TripiUITests.xctest */;
			productType = "com.apple.product-type.bundle.ui-testing";
		};
/* End PBXNativeTarget section */

/* Begin PBXProject section */
		F56426C02856B9B4005FD118 /* Project object */ = {
			isa = PBXProject;
			attributes = {
				BuildIndependentTargetsInParallel = 1;
				LastSwiftUpdateCheck = 1340;
				LastUpgradeCheck = 2700;
				TargetAttributes = {
					F56426C72856B9B4005FD118 = {
						CreatedOnToolsVersion = 13.4.1;
						LastSwiftMigration = 1420;
					};
					F56426DC2856B9B6005FD118 = {
						CreatedOnToolsVersion = 13.4.1;
						TestTargetID = F56426C72856B9B4005FD118;
					};
					F56426E62856B9B6005FD118 = {
						CreatedOnToolsVersion = 13.4.1;
						TestTargetID = F56426C72856B9B4005FD118;
					};
				};
			};
			buildConfigurationList = F56426C32856B9B4005FD118 /* Build configuration list for PBXProject "Tripi" */;
			compatibilityVersion = "Xcode 14.0";
			developmentRegion = en;
			hasScannedForEncodings = 0;
			knownRegions = (
				en,
				Base,
			);
			mainGroup = F56426BF2856B9B4005FD118;
			packageReferences = (
				F50767372A8EE75E00E9605F /* XCRemoteSwiftPackageReference "WrappingHStack" */,
			);
			productRefGroup = F56426C92856B9B4005FD118 /* Products */;
			projectDirPath = "";
			projectRoot = "";
			targets = (
				F56426C72856B9B4005FD118 /* Tripi */,
				F56426DC2856B9B6005FD118 /* TripiTests */,
				F56426E62856B9B6005FD118 /* TripiUITests */,
			);
		};
/* End PBXProject section */

/* Begin PBXResourcesBuildPhase section */
		F56426C62856B9B4005FD118 /* Resources */ = {
			isa = PBXResourcesBuildPhase;
			buildActionMask = 2147483647;
			files = (
				F56426D32856B9B6005FD118 /* Preview Assets.xcassets in Resources */,
				F56426D02856B9B6005FD118 /* Assets.xcassets in Resources */,
				F5FACE0112345678ABCDEF01 /* PrivacyInfo.xcprivacy in Resources */,
				F52EC445286FA42800420410 /* gilroyextrabold.otf in Resources */,
			);
			runOnlyForDeploymentPostprocessing = 0;
		};
		F56426DB2856B9B6005FD118 /* Resources */ = {
			isa = PBXResourcesBuildPhase;
			buildActionMask = 2147483647;
			files = (
			);
			runOnlyForDeploymentPostprocessing = 0;
		};
		F56426E52856B9B6005FD118 /* Resources */ = {
			isa = PBXResourcesBuildPhase;
			buildActionMask = 2147483647;
			files = (
			);
			runOnlyForDeploymentPostprocessing = 0;
		};
/* End PBXResourcesBuildPhase section */

/* Begin PBXSourcesBuildPhase section */
		F56426C42856B9B4005FD118 /* Sources */ = {
			isa = PBXSourcesBuildPhase;
			buildActionMask = 2147483647;
			files = (
				F558FFD928EA5B8500FA00B0 /* Location+CoreDataClass.swift in Sources */,
				F56024ED286FA6C90002403D /* NavigationBar.swift in Sources */,
				F56024F4286FAC2E0002403D /* Styles.swift in Sources */,
				F5A86BD2292F1389004CF3EA /* FileManager.swift in Sources */,
				F50767582A914ADA00E9605F /* StaticPolylineMap.swift in Sources */,
				F55FA73A28C8E513000C0740 /* TripBrowserView.swift in Sources */,
				F5BE3A69297346D50030B662 /* TagSort.swift in Sources */,
				F507675A2A92F6CD00E9605F /* OnboardingView.swift in Sources */,
				F5A7E41429B4809D00B36ACF /* Model.swift in Sources */,
				F517F2F4286FC1D9000E07AF /* Preview.swift in Sources */,
				F5FF5F8C298B8704009FF3EB /* Trip+CoreDataClass.swift in Sources */,
				F5A12D5029711B2A0055E239 /* BackButton.swift in Sources */,
				F558FFDA28EA5B8500FA00B0 /* Location+CoreDataProperties.swift in Sources */,
				F53AEE582966237A0026EEA9 /* ExportWindow.swift in Sources */,
				F517F2F6286FD3F0000E07AF /* RecentTrips.swift in Sources */,
				F579F5302995CAF000EE03FF /* Graphs.swift in Sources */,
				F56426D52856B9B6005FD118 /* Persistence.swift in Sources */,
				F56024F5286FAC300002403D /* AnimatableFontModifier.swift in Sources */,
				F517F2F8286FEB1C000E07AF /* RouteView.swift in Sources */,
				F5B14FC5298EEBDC004C61BA /* UnitFormatter.swift in Sources */,
				F554A80D28AA62CB00E4F8D6 /* TrackingState.swift in Sources */,
				F56426CE2856B9B4005FD118 /* HomeView.swift in Sources */,
				F56024EF286FAB450002403D /* PreferenceKeys.swift in Sources */,
				F5FF5F8D298B8704009FF3EB /* Trip+CoreDataProperties.swift in Sources */,
				F5D674EC28BD0A430053B6A7 /* PolylineMap.swift in Sources */,
				F52C30D2286FB95C0026FAEE /* Metrics.swift in Sources */,
				F51D3B5528AB338E00C6B116 /* RouteManager.swift in Sources */,
				F5FF5F89298B5EF4009FF3EB /* UserTag+CoreDataProperties.swift in Sources */,
				F59870E728BFD70B00F9CC89 /* TripDetailView.swift in Sources */,
				F56426D82856B9B6005FD118 /* LocationTracker.xcdatamodeld in Sources */,
				F53ADA4F296DFF330079F91D /* CHCSVParser.m in Sources */,
				F53341242870E9CA00E7E5C1 /* Tab.swift in Sources */,
				F53341222870E8B700E7E5C1 /* ContentView.swift in Sources */,
				F52C30D5286FBE2A0026FAEE /* SummaryStats.swift in Sources */,
				F56426CC2856B9B4005FD118 /* TripiApp.swift in Sources */,
				F543E0FD29859FF7007FC5CE /* NotificationManager.swift in Sources */,
				F57A3F7D2926C15000315971 /* LayoutStyle.swift in Sources */,
				F5EC7C7B2925EF6E00DAB7EE /* Tag.swift in Sources */,
				F5FF5F88298B5EF4009FF3EB /* UserTag+CoreDataClass.swift in Sources */,
				F517F2FA286FF59E000E07AF /* TabBar.swift in Sources */,
				F5BCB34128C65A820063082E /* SettingsView.swift in Sources */,
			);
			runOnlyForDeploymentPostprocessing = 0;
		};
		F56426D92856B9B6005FD118 /* Sources */ = {
			isa = PBXSourcesBuildPhase;
			buildActionMask = 2147483647;
			files = (
				F56426E22856B9B6005FD118 /* TripiTests.swift in Sources */,
			);
			runOnlyForDeploymentPostprocessing = 0;
		};
		F56426E32856B9B6005FD118 /* Sources */ = {
			isa = PBXSourcesBuildPhase;
			buildActionMask = 2147483647;
			files = (
				F56426EC2856B9B6005FD118 /* TripiUITests.swift in Sources */,
				F56426EE2856B9B6005FD118 /* TripiUITestsLaunchTests.swift in Sources */,
			);
			runOnlyForDeploymentPostprocessing = 0;
		};
/* End PBXSourcesBuildPhase section */

/* Begin PBXTargetDependency section */
		F56426DF2856B9B6005FD118 /* PBXTargetDependency */ = {
			isa = PBXTargetDependency;
			target = F56426C72856B9B4005FD118 /* Tripi */;
			targetProxy = F56426DE2856B9B6005FD118 /* PBXContainerItemProxy */;
		};
		F56426E92856B9B6005FD118 /* PBXTargetDependency */ = {
			isa = PBXTargetDependency;
			target = F56426C72856B9B4005FD118 /* Tripi */;
			targetProxy = F56426E82856B9B6005FD118 /* PBXContainerItemProxy */;
		};
/* End PBXTargetDependency section */

/* Begin XCBuildConfiguration section */
		F56426EF2856B9B6005FD118 /* Debug */ = {
			isa = XCBuildConfiguration;
			buildSettings = {
				ALWAYS_SEARCH_USER_PATHS = NO;
				CLANG_ANALYZER_NONNULL = YES;
				CLANG_ANALYZER_NUMBER_OBJECT_CONVERSION = YES_AGGRESSIVE;
				CLANG_CXX_LANGUAGE_STANDARD = "gnu++17";
				CLANG_ENABLE_MODULES = YES;
				CLANG_ENABLE_OBJC_ARC = YES;
				CLANG_ENABLE_OBJC_WEAK = YES;
				CLANG_WARN_BLOCK_CAPTURE_AUTORELEASING = YES;
				CLANG_WARN_BOOL_CONVERSION = YES;
				CLANG_WARN_COMMA = YES;
				CLANG_WARN_CONSTANT_CONVERSION = YES;
				CLANG_WARN_DEPRECATED_OBJC_IMPLEMENTATIONS = YES;
				CLANG_WARN_DIRECT_OBJC_ISA_USAGE = YES_ERROR;
				CLANG_WARN_DOCUMENTATION_COMMENTS = YES;
				CLANG_WARN_EMPTY_BODY = YES;
				CLANG_WARN_ENUM_CONVERSION = YES;
				CLANG_WARN_INFINITE_RECURSION = YES;
				CLANG_WARN_INT_CONVERSION = YES;
				CLANG_WARN_NON_LITERAL_NULL_CONVERSION = YES;
				CLANG_WARN_OBJC_IMPLICIT_RETAIN_SELF = YES;
				CLANG_WARN_OBJC_LITERAL_CONVERSION = YES;
				CLANG_WARN_OBJC_ROOT_CLASS = YES_ERROR;
				CLANG_WARN_QUOTED_INCLUDE_IN_FRAMEWORK_HEADER = YES;
				CLANG_WARN_RANGE_LOOP_ANALYSIS = YES;
				CLANG_WARN_STRICT_PROTOTYPES = YES;
				CLANG_WARN_SUSPICIOUS_MOVE = YES;
				CLANG_WARN_UNGUARDED_AVAILABILITY = YES_AGGRESSIVE;
				CLANG_WARN_UNREACHABLE_CODE = YES;
				CLANG_WARN__DUPLICATE_METHOD_MATCH = YES;
				COPY_PHASE_STRIP = NO;
				DEBUG_INFORMATION_FORMAT = dwarf;
				DEVELOPMENT_TEAM = JCZC95T5D9;
				ENABLE_STRICT_OBJC_MSGSEND = YES;
				ENABLE_TESTABILITY = YES;
				ENABLE_USER_SCRIPT_SANDBOXING = YES;
				GCC_C_LANGUAGE_STANDARD = gnu11;
				GCC_DYNAMIC_NO_PIC = NO;
				GCC_NO_COMMON_BLOCKS = YES;
				GCC_OPTIMIZATION_LEVEL = 0;
				GCC_PREPROCESSOR_DEFINITIONS = (
					"DEBUG=1",
					"$(inherited)",
				);
				GCC_WARN_64_TO_32_BIT_CONVERSION = YES;
				GCC_WARN_ABOUT_RETURN_TYPE = YES_ERROR;
				GCC_WARN_UNDECLARED_SELECTOR = YES;
				GCC_WARN_UNINITIALIZED_AUTOS = YES_AGGRESSIVE;
				GCC_WARN_UNUSED_FUNCTION = YES;
				GCC_WARN_UNUSED_VARIABLE = YES;
				IPHONEOS_DEPLOYMENT_TARGET = 16.0;
				MTL_ENABLE_DEBUG_INFO = INCLUDE_SOURCE;
				MTL_FAST_MATH = YES;
				ONLY_ACTIVE_ARCH = YES;
				SDKROOT = iphoneos;
				STRING_CATALOG_GENERATE_SYMBOLS = YES;
				SWIFT_ACTIVE_COMPILATION_CONDITIONS = DEBUG;
				SWIFT_OPTIMIZATION_LEVEL = "-Onone";
			};
			name = Debug;
		};
		F56426F02856B9B6005FD118 /* Release */ = {
			isa = XCBuildConfiguration;
			buildSettings = {
				ALWAYS_SEARCH_USER_PATHS = NO;
				CLANG_ANALYZER_NONNULL = YES;
				CLANG_ANALYZER_NUMBER_OBJECT_CONVERSION = YES_AGGRESSIVE;
				CLANG_CXX_LANGUAGE_STANDARD = "gnu++17";
				CLANG_ENABLE_MODULES = YES;
				CLANG_ENABLE_OBJC_ARC = YES;
				CLANG_ENABLE_OBJC_WEAK = YES;
				CLANG_WARN_BLOCK_CAPTURE_AUTORELEASING = YES;
				CLANG_WARN_BOOL_CONVERSION = YES;
				CLANG_WARN_COMMA = YES;
				CLANG_WARN_CONSTANT_CONVERSION = YES;
				CLANG_WARN_DEPRECATED_OBJC_IMPLEMENTATIONS = YES;
				CLANG_WARN_DIRECT_OBJC_ISA_USAGE = YES_ERROR;
				CLANG_WARN_DOCUMENTATION_COMMENTS = YES;
				CLANG_WARN_EMPTY_BODY = YES;
				CLANG_WARN_ENUM_CONVERSION = YES;
				CLANG_WARN_INFINITE_RECURSION = YES;
				CLANG_WARN_INT_CONVERSION = YES;
				CLANG_WARN_NON_LITERAL_NULL_CONVERSION = YES;
				CLANG_WARN_OBJC_IMPLICIT_RETAIN_SELF = YES;
				CLANG_WARN_OBJC_LITERAL_CONVERSION = YES;
				CLANG_WARN_OBJC_ROOT_CLASS = YES_ERROR;
				CLANG_WARN_QUOTED_INCLUDE_IN_FRAMEWORK_HEADER = YES;
				CLANG_WARN_RANGE_LOOP_ANALYSIS = YES;
				CLANG_WARN_STRICT_PROTOTYPES = YES;
				CLANG_WARN_SUSPICIOUS_MOVE = YES;
				CLANG_WARN_UNGUARDED_AVAILABILITY = YES_AGGRESSIVE;
				CLANG_WARN_UNREACHABLE_CODE = YES;
				CLANG_WARN__DUPLICATE_METHOD_MATCH = YES;
				COPY_PHASE_STRIP = NO;
				DEBUG_INFORMATION_FORMAT = "dwarf-with-dsym";
				DEVELOPMENT_TEAM = JCZC95T5D9;
				ENABLE_NS_ASSERTIONS = NO;
				ENABLE_STRICT_OBJC_MSGSEND = YES;
				ENABLE_USER_SCRIPT_SANDBOXING = YES;
				GCC_C_LANGUAGE_STANDARD = gnu11;
				GCC_NO_COMMON_BLOCKS = YES;
				GCC_WARN_64_TO_32_BIT_CONVERSION = YES;
				GCC_WARN_ABOUT_RETURN_TYPE = YES_ERROR;
				GCC_WARN_UNDECLARED_SELECTOR = YES;
				GCC_WARN_UNINITIALIZED_AUTOS = YES_AGGRESSIVE;
				GCC_WARN_UNUSED_FUNCTION = YES;
				GCC_WARN_UNUSED_VARIABLE = YES;
				IPHONEOS_DEPLOYMENT_TARGET = 16.0;
				MTL_ENABLE_DEBUG_INFO = NO;
				MTL_FAST_MATH = YES;
				SDKROOT = iphoneos;
				STRING_CATALOG_GENERATE_SYMBOLS = YES;
				SWIFT_COMPILATION_MODE = wholemodule;
				SWIFT_OPTIMIZATION_LEVEL = "-O";
				VALIDATE_PRODUCT = YES;
			};
			name = Release;
		};
		F56426F22856B9B6005FD118 /* Debug */ = {
			isa = XCBuildConfiguration;
			buildSettings = {
				ASSETCATALOG_COMPILER_APPICON_NAME = TripiMonoLogo;
				ASSETCATALOG_COMPILER_GLOBAL_ACCENT_COLOR_NAME = AccentColor;
				ASSETCATALOG_COMPILER_INCLUDE_ALL_APPICON_ASSETS = YES;
				CLANG_ENABLE_MODULES = YES;
				CODE_SIGN_IDENTITY = "Apple Development";
				CODE_SIGN_STYLE = Automatic;
				CURRENT_PROJECT_VERSION = 2;
				DEVELOPMENT_ASSET_PATHS = "\"Tripi/Preview Content\"";
				ENABLE_PREVIEWS = YES;
				GENERATE_INFOPLIST_FILE = YES;
				INFOPLIST_FILE = Tripi/Info.plist;
				INFOPLIST_KEY_CFBundleDisplayName = Tripi;
				INFOPLIST_KEY_LSApplicationCategoryType = "public.app-category.travel";
				INFOPLIST_KEY_LSSupportsOpeningDocumentsInPlace = YES;
				INFOPLIST_KEY_NSLocationAlwaysAndWhenInUseUsageDescription = "Tripi uses location data from your device to log the route of your trip and provide metrics such as speed and distance";
				INFOPLIST_KEY_NSLocationAlwaysUsageDescription = "Tripi uses location data from your device to log the route of your trip and provide metrics such as speed and distance";
				INFOPLIST_KEY_NSLocationUsageDescription = "Tripi uses location data from your device to log the route of your trip and provide metrics such as speed and distance";
				INFOPLIST_KEY_NSLocationWhenInUseUsageDescription = "Tripi uses location data from your device to log the route of your trip and provide metrics such as speed and distance";
				INFOPLIST_KEY_NSMotionUsageDescription = "Tripi uses motion data from your device to automatically detect and log your trips";
				INFOPLIST_KEY_UIApplicationSupportsIndirectInputEvents = YES;
				INFOPLIST_KEY_ITSAppUsesNonExemptEncryption = NO;
				INFOPLIST_KEY_UILaunchScreen_Generation = YES;
				INFOPLIST_KEY_UISupportedInterfaceOrientations = UIInterfaceOrientationPortrait;
				INFOPLIST_KEY_UISupportedInterfaceOrientations_iPad = "UIInterfaceOrientationPortrait UIInterfaceOrientationPortraitUpsideDown UIInterfaceOrientationLandscapeLeft UIInterfaceOrientationLandscapeRight";
				INFOPLIST_KEY_UISupportedInterfaceOrientations_iPhone = UIInterfaceOrientationPortrait;
				IPHONEOS_DEPLOYMENT_TARGET = "$(RECOMMENDED_IPHONEOS_DEPLOYMENT_TARGET)";
				LD_RUNPATH_SEARCH_PATHS = (
					"$(inherited)",
					"@executable_path/Frameworks",
				);
				MARKETING_VERSION = 1.3;
				PRODUCT_BUNDLE_IDENTIFIER = com.joshuaterry.tripi;
				PRODUCT_NAME = "$(TARGET_NAME)";
				PROVISIONING_PROFILE_SPECIFIER = "";
				SUPPORTED_PLATFORMS = "iphoneos iphonesimulator";
				SUPPORTS_MACCATALYST = NO;
				SUPPORTS_MAC_DESIGNED_FOR_IPHONE_IPAD = NO;
				SWIFT_EMIT_LOC_STRINGS = YES;
				SWIFT_OBJC_BRIDGING_HEADER = "Tripi/CSVParser/Tripi-Bridging-Header.h";
				SWIFT_OPTIMIZATION_LEVEL = "-Onone";
				SWIFT_VERSION = 5.0;
				TARGETED_DEVICE_FAMILY = 1;
			};
			name = Debug;
		};
		F56426F32856B9B6005FD118 /* Release */ = {
			isa = XCBuildConfiguration;
			buildSettings = {
				ASSETCATALOG_COMPILER_APPICON_NAME = TripiMonoLogo;
				ASSETCATALOG_COMPILER_GLOBAL_ACCENT_COLOR_NAME = AccentColor;
				ASSETCATALOG_COMPILER_INCLUDE_ALL_APPICON_ASSETS = YES;
				CLANG_ENABLE_MODULES = YES;
				CODE_SIGN_IDENTITY = "Apple Development";
				CODE_SIGN_STYLE = Automatic;
				CURRENT_PROJECT_VERSION = 2;
				DEVELOPMENT_ASSET_PATHS = "\"Tripi/Preview Content\"";
				ENABLE_PREVIEWS = YES;
				GENERATE_INFOPLIST_FILE = YES;
				INFOPLIST_FILE = Tripi/Info.plist;
				INFOPLIST_KEY_CFBundleDisplayName = Tripi;
				INFOPLIST_KEY_LSApplicationCategoryType = "public.app-category.travel";
				INFOPLIST_KEY_LSSupportsOpeningDocumentsInPlace = YES;
				INFOPLIST_KEY_NSLocationAlwaysAndWhenInUseUsageDescription = "Tripi uses location data from your device to log the route of your trip and provide metrics such as speed and distance";
				INFOPLIST_KEY_NSLocationAlwaysUsageDescription = "Tripi uses location data from your device to log the route of your trip and provide metrics such as speed and distance";
				INFOPLIST_KEY_NSLocationUsageDescription = "Tripi uses location data from your device to log the route of your trip and provide metrics such as speed and distance";
				INFOPLIST_KEY_NSLocationWhenInUseUsageDescription = "Tripi uses location data from your device to log the route of your trip and provide metrics such as speed and distance";
				INFOPLIST_KEY_NSMotionUsageDescription = "Tripi uses motion data from your device to automatically detect and log your trips";
				INFOPLIST_KEY_UIApplicationSupportsIndirectInputEvents = YES;
				INFOPLIST_KEY_ITSAppUsesNonExemptEncryption = NO;
				INFOPLIST_KEY_UILaunchScreen_Generation = YES;
				INFOPLIST_KEY_UISupportedInterfaceOrientations = UIInterfaceOrientationPortrait;
				INFOPLIST_KEY_UISupportedInterfaceOrientations_iPad = "UIInterfaceOrientationPortrait UIInterfaceOrientationPortraitUpsideDown UIInterfaceOrientationLandscapeLeft UIInterfaceOrientationLandscapeRight";
				INFOPLIST_KEY_UISupportedInterfaceOrientations_iPhone = UIInterfaceOrientationPortrait;
				IPHONEOS_DEPLOYMENT_TARGET = "$(RECOMMENDED_IPHONEOS_DEPLOYMENT_TARGET)";
				LD_RUNPATH_SEARCH_PATHS = (
					"$(inherited)",
					"@executable_path/Frameworks",
				);
				MARKETING_VERSION = 1.3;
				PRODUCT_BUNDLE_IDENTIFIER = com.joshuaterry.tripi;
				PRODUCT_NAME = "$(TARGET_NAME)";
				PROVISIONING_PROFILE_SPECIFIER = "";
				SUPPORTED_PLATFORMS = "iphoneos iphonesimulator";
				SUPPORTS_MACCATALYST = NO;
				SUPPORTS_MAC_DESIGNED_FOR_IPHONE_IPAD = NO;
				SWIFT_EMIT_LOC_STRINGS = YES;
				SWIFT_OBJC_BRIDGING_HEADER = "Tripi/CSVParser/Tripi-Bridging-Header.h";
				SWIFT_VERSION = 5.0;
				TARGETED_DEVICE_FAMILY = 1;
			};
			name = Release;
		};
		F56426F52856B9B6005FD118 /* Debug */ = {
			isa = XCBuildConfiguration;
			buildSettings = {
				BUNDLE_LOADER = "$(TEST_HOST)";
				CODE_SIGN_STYLE = Automatic;
				CURRENT_PROJECT_VERSION = 1;
				GENERATE_INFOPLIST_FILE = YES;
				IPHONEOS_DEPLOYMENT_TARGET = "$(RECOMMENDED_IPHONEOS_DEPLOYMENT_TARGET)";
				MARKETING_VERSION = 1.0;
				PRODUCT_BUNDLE_IDENTIFIER = com.joshuaterry.TripiTests;
				PRODUCT_NAME = "$(TARGET_NAME)";
				SWIFT_EMIT_LOC_STRINGS = NO;
				SWIFT_VERSION = 5.0;
				TARGETED_DEVICE_FAMILY = "1,2";
				TEST_HOST = "$(BUILT_PRODUCTS_DIR)/Tripi.app/Tripi";
			};
			name = Debug;
		};
		F56426F62856B9B6005FD118 /* Release */ = {
			isa = XCBuildConfiguration;
			buildSettings = {
				BUNDLE_LOADER = "$(TEST_HOST)";
				CODE_SIGN_STYLE = Automatic;
				CURRENT_PROJECT_VERSION = 1;
				GENERATE_INFOPLIST_FILE = YES;
				IPHONEOS_DEPLOYMENT_TARGET = "$(RECOMMENDED_IPHONEOS_DEPLOYMENT_TARGET)";
				MARKETING_VERSION = 1.0;
				PRODUCT_BUNDLE_IDENTIFIER = com.joshuaterry.TripiTests;
				PRODUCT_NAME = "$(TARGET_NAME)";
				SWIFT_EMIT_LOC_STRINGS = NO;
				SWIFT_VERSION = 5.0;
				TARGETED_DEVICE_FAMILY = "1,2";
				TEST_HOST = "$(BUILT_PRODUCTS_DIR)/Tripi.app/Tripi";
			};
			name = Release;
		};
		F56426F82856B9B6005FD118 /* Debug */ = {
			isa = XCBuildConfiguration;
			buildSettings = {
				CODE_SIGN_STYLE = Automatic;
				CURRENT_PROJECT_VERSION = 1;
				GENERATE_INFOPLIST_FILE = YES;
				IPHONEOS_DEPLOYMENT_TARGET = "$(RECOMMENDED_IPHONEOS_DEPLOYMENT_TARGET)";
				MARKETING_VERSION = 1.0;
				PRODUCT_BUNDLE_IDENTIFIER = com.joshuaterry.TripiUITests;
				PRODUCT_NAME = "$(TARGET_NAME)";
				SWIFT_EMIT_LOC_STRINGS = NO;
				SWIFT_VERSION = 5.0;
				TARGETED_DEVICE_FAMILY = "1,2";
				TEST_TARGET_NAME = Tripi;
			};
			name = Debug;
		};
		F56426F92856B9B6005FD118 /* Release */ = {
			isa = XCBuildConfiguration;
			buildSettings = {
				CODE_SIGN_STYLE = Automatic;
				CURRENT_PROJECT_VERSION = 1;
				GENERATE_INFOPLIST_FILE = YES;
				IPHONEOS_DEPLOYMENT_TARGET = "$(RECOMMENDED_IPHONEOS_DEPLOYMENT_TARGET)";
				MARKETING_VERSION = 1.0;
				PRODUCT_BUNDLE_IDENTIFIER = com.joshuaterry.TripiUITests;
				PRODUCT_NAME = "$(TARGET_NAME)";
				SWIFT_EMIT_LOC_STRINGS = NO;
				SWIFT_VERSION = 5.0;
				TARGETED_DEVICE_FAMILY = "1,2";
				TEST_TARGET_NAME = Tripi;
			};
			name = Release;
		};
/* End XCBuildConfiguration section */

/* Begin XCConfigurationList section */
		F56426C32856B9B4005FD118 /* Build configuration list for PBXProject "Tripi" */ = {
			isa = XCConfigurationList;
			buildConfigurations = (
				F56426EF2856B9B6005FD118 /* Debug */,
				F56426F02856B9B6005FD118 /* Release */,
			);
			defaultConfigurationIsVisible = 0;
			defaultConfigurationName = Release;
		};
		F56426F12856B9B6005FD118 /* Build configuration list for PBXNativeTarget "Tripi" */ = {
			isa = XCConfigurationList;
			buildConfigurations = (
				F56426F22856B9B6005FD118 /* Debug */,
				F56426F32856B9B6005FD118 /* Release */,
			);
			defaultConfigurationIsVisible = 0;
			defaultConfigurationName = Release;
		};
		F56426F42856B9B6005FD118 /* Build configuration list for PBXNativeTarget "TripiTests" */ = {
			isa = XCConfigurationList;
			buildConfigurations = (
				F56426F52856B9B6005FD118 /* Debug */,
				F56426F62856B9B6005FD118 /* Release */,
			);
			defaultConfigurationIsVisible = 0;
			defaultConfigurationName = Release;
		};
		F56426F72856B9B6005FD118 /* Build configuration list for PBXNativeTarget "TripiUITests" */ = {
			isa = XCConfigurationList;
			buildConfigurations = (
				F56426F82856B9B6005FD118 /* Debug */,
				F56426F92856B9B6005FD118 /* Release */,
			);
			defaultConfigurationIsVisible = 0;
			defaultConfigurationName = Release;
		};
/* End XCConfigurationList section */

/* Begin XCRemoteSwiftPackageReference section */
		F50767372A8EE75E00E9605F /* XCRemoteSwiftPackageReference "WrappingHStack" */ = {
			isa = XCRemoteSwiftPackageReference;
			repositoryURL = "https://github.com/dkk/WrappingHStack.git";
			requirement = {
				kind = upToNextMajorVersion;
				minimumVersion = 2.0.0;
			};
		};
/* End XCRemoteSwiftPackageReference section */

/* Begin XCSwiftPackageProductDependency section */
		F50767382A8EE75E00E9605F /* WrappingHStack */ = {
			isa = XCSwiftPackageProductDependency;
			package = F50767372A8EE75E00E9605F /* XCRemoteSwiftPackageReference "WrappingHStack" */;
			productName = WrappingHStack;
		};
/* End XCSwiftPackageProductDependency section */

/* Begin XCVersionGroup section */
		F56426D62856B9B6005FD118 /* LocationTracker.xcdatamodeld */ = {
			isa = XCVersionGroup;
			children = (
				F56426D72856B9B6005FD118 /* Tripi.xcdatamodel */,
			);
			currentVersion = F56426D72856B9B6005FD118 /* Tripi.xcdatamodel */;
			path = LocationTracker.xcdatamodeld;
			sourceTree = "<group>";
			versionGroupType = wrapper.xcdatamodel;
		};
/* End XCVersionGroup section */
	};
	rootObject = F56426C02856B9B4005FD118 /* Project object */;
}
